
Microsoft Visual Studio Solution File, Format Version 12.00
# Visual Studio Version 16
VisualStudioVersion = 25.0.1706.6
MinimumVisualStudioVersion = 10.0.40219.1
Project("{FAE04EC0-301F-11D3-BF4B-00C04F79EFBC}") = "OOP2", "OOP2.csproj", "{02056B27-DB85-4504-9701-B0DB88B2BBF7}"
EndProject
Project("{FAE04EC0-301F-11D3-BF4B-00C04F79EFBC}") = "OOP3", "..\OOP3\OOP3.csproj", "{DFD10D6D-5CB6-4FE9-B309-2658895E4A02}"
EndProject
Global
	GlobalSection(SolutionConfigurationPlatforms) = preSolution
		Debug|Any CPU = Debug|Any CPU
		Release|Any CPU = Release|Any CPU
	EndGlobalSection
	GlobalSection(ProjectConfigurationPlatforms) = postSolution
		{02056B27-DB85-4504-9701-B0DB88B2BBF7}.Debug|Any CPU.ActiveCfg = Debug|Any CPU
		{02056B27-DB85-4504-9701-B0DB88B2BBF7}.Debug|Any CPU.Build.0 = Debug|Any CPU
		{02056B27-DB85-4504-9701-B0DB88B2BBF7}.Release|Any CPU.ActiveCfg = Release|Any CPU
		{02056B27-DB85-4504-9701-B0DB88B2BBF7}.Release|Any CPU.Build.0 = Release|Any CPU
		{DFD10D6D-5CB6-4FE9-B309-2658895E4A02}.Debug|Any CPU.ActiveCfg = Debug|Any CPU
		{DFD10D6D-5CB6-4FE9-B309-2658895E4A02}.Debug|Any CPU.Build.0 = Debug|Any CPU
		{DFD10D6D-5CB6-4FE9-B309-2658895E4A02}.Release|Any CPU.ActiveCfg = Release|Any CPU
		{DFD10D6D-5CB6-4FE9-B309-2658895E4A02}.Release|Any CPU.Build.0 = Release|Any CPU
	EndGlobalSection
	GlobalSection(SolutionProperties) = preSolution
		HideSolutionNode = FALSE
	EndGlobalSection
	GlobalSection(ExtensibilityGlobals) = postSolution
		SolutionGuid = {2AD5BC7D-AD8C-4221-A1EF-F1E11EFA31EF}
	EndGlobalSection
EndGlobal
