
Microsoft Visual Studio Solution File, Format Version 12.00
# Visual Studio Version 16
VisualStudioVersion = 25.0.1706.6
MinimumVisualStudioVersion = 10.0.40219.1
Project("{FAE04EC0-301F-11D3-BF4B-00C04F79EFBC}") = "CampDay3", "CampDay3.csproj", "{EE6CE000-167D-4386-85B0-EC35F4B65143}"
EndProject
Project("{FAE04EC0-301F-11D3-BF4B-00C04F79EFBC}") = "Matematik", "..\Matematik\Matematik.csproj", "{A0428259-161A-4CFB-961D-B2A074575EB6}"
EndProject
Project("{FAE04EC0-301F-11D3-BF4B-00C04F79EFBC}") = "DegerVeReferansTipler", "..\DegerVeReferansTipler\DegerVeReferansTipler.csproj", "{389A5CFF-2949-4407-85D5-E4631767CD9E}"
EndProject
Project("{FAE04EC0-301F-11D3-BF4B-00C04F79EFBC}") = "OOP1", "..\OOP1\OOP1.csproj", "{0C2CB935-BFFF-4801-BFB5-854483CEE9D0}"
EndProject
Project("{FAE04EC0-301F-11D3-BF4B-00C04F79EFBC}") = "GenericsIntro", "..\GenericsIntro\GenericsIntro.csproj", "{1EDED8DE-1B45-4528-9C00-2127347E7436}"
EndProject
Global
	GlobalSection(SolutionConfigurationPlatforms) = preSolution
		Debug|Any CPU = Debug|Any CPU
		Release|Any CPU = Release|Any CPU
	EndGlobalSection
	GlobalSection(ProjectConfigurationPlatforms) = postSolution
		{EE6CE000-167D-4386-85B0-EC35F4B65143}.Debug|Any CPU.ActiveCfg = Debug|Any CPU
		{EE6CE000-167D-4386-85B0-EC35F4B65143}.Debug|Any CPU.Build.0 = Debug|Any CPU
		{EE6CE000-167D-4386-85B0-EC35F4B65143}.Release|Any CPU.ActiveCfg = Release|Any CPU
		{EE6CE000-167D-4386-85B0-EC35F4B65143}.Release|Any CPU.Build.0 = Release|Any CPU
		{A0428259-161A-4CFB-961D-B2A074575EB6}.Debug|Any CPU.ActiveCfg = Debug|Any CPU
		{A0428259-161A-4CFB-961D-B2A074575EB6}.Debug|Any CPU.Build.0 = Debug|Any CPU
		{A0428259-161A-4CFB-961D-B2A074575EB6}.Release|Any CPU.ActiveCfg = Release|Any CPU
		{A0428259-161A-4CFB-961D-B2A074575EB6}.Release|Any CPU.Build.0 = Release|Any CPU
		{389A5CFF-2949-4407-85D5-E4631767CD9E}.Debug|Any CPU.ActiveCfg = Debug|Any CPU
		{389A5CFF-2949-4407-85D5-E4631767CD9E}.Debug|Any CPU.Build.0 = Debug|Any CPU
		{389A5CFF-2949-4407-85D5-E4631767CD9E}.Release|Any CPU.ActiveCfg = Release|Any CPU
		{389A5CFF-2949-4407-85D5-E4631767CD9E}.Release|Any CPU.Build.0 = Release|Any CPU
		{0C2CB935-BFFF-4801-BFB5-854483CEE9D0}.Debug|Any CPU.ActiveCfg = Debug|Any CPU
		{0C2CB935-BFFF-4801-BFB5-854483CEE9D0}.Debug|Any CPU.Build.0 = Debug|Any CPU
		{0C2CB935-BFFF-4801-BFB5-854483CEE9D0}.Release|Any CPU.ActiveCfg = Release|Any CPU
		{0C2CB935-BFFF-4801-BFB5-854483CEE9D0}.Release|Any CPU.Build.0 = Release|Any CPU
		{1EDED8DE-1B45-4528-9C00-2127347E7436}.Debug|Any CPU.ActiveCfg = Debug|Any CPU
		{1EDED8DE-1B45-4528-9C00-2127347E7436}.Debug|Any CPU.Build.0 = Debug|Any CPU
		{1EDED8DE-1B45-4528-9C00-2127347E7436}.Release|Any CPU.ActiveCfg = Release|Any CPU
		{1EDED8DE-1B45-4528-9C00-2127347E7436}.Release|Any CPU.Build.0 = Release|Any CPU
	EndGlobalSection
	GlobalSection(SolutionProperties) = preSolution
		HideSolutionNode = FALSE
	EndGlobalSection
	GlobalSection(ExtensibilityGlobals) = postSolution
		SolutionGuid = {E20985C5-E378-4DB1-98F7-FEDF5C3A6E92}
	EndGlobalSection
EndGlobal
