
Microsoft Visual Studio Solution File, Format Version 12.00
# Visual Studio Version 16
VisualStudioVersion = 25.0.1706.7
MinimumVisualStudioVersion = 10.0.40219.1
Project("{FAE04EC0-301F-11D3-BF4B-00C04F79EFBC}") = "Domain", "Domain\Domain.csproj", "{65AA4882-E081-4E46-9DC7-43A1CA67A088}"
EndProject
Project("{FAE04EC0-301F-11D3-BF4B-00C04F79EFBC}") = "Application", "Application\Application.csproj", "{F2A90B3E-1F23-49C6-A86D-F7E222A63AF0}"
EndProject
Project("{FAE04EC0-301F-11D3-BF4B-00C04F79EFBC}") = "Persistence", "Persistence\Persistence.csproj", "{E47F66A8-AB44-4738-90B0-032FF97F3D3B}"
EndProject
Project("{FAE04EC0-301F-11D3-BF4B-00C04F79EFBC}") = "WebAPI", "WebAPI\WebAPI.csproj", "{420D4550-FB22-4D0C-ACCE-19787FADFEA5}"
EndProject
Global
	GlobalSection(SolutionConfigurationPlatforms) = preSolution
		Debug|Any CPU = Debug|Any CPU
		Release|Any CPU = Release|Any CPU
	EndGlobalSection
	GlobalSection(ProjectConfigurationPlatforms) = postSolution
		{65AA4882-E081-4E46-9DC7-43A1CA67A088}.Debug|Any CPU.ActiveCfg = Debug|Any CPU
		{65AA4882-E081-4E46-9DC7-43A1CA67A088}.Debug|Any CPU.Build.0 = Debug|Any CPU
		{65AA4882-E081-4E46-9DC7-43A1CA67A088}.Release|Any CPU.ActiveCfg = Release|Any CPU
		{65AA4882-E081-4E46-9DC7-43A1CA67A088}.Release|Any CPU.Build.0 = Release|Any CPU
		{F2A90B3E-1F23-49C6-A86D-F7E222A63AF0}.Debug|Any CPU.ActiveCfg = Debug|Any CPU
		{F2A90B3E-1F23-49C6-A86D-F7E222A63AF0}.Debug|Any CPU.Build.0 = Debug|Any CPU
		{F2A90B3E-1F23-49C6-A86D-F7E222A63AF0}.Release|Any CPU.ActiveCfg = Release|Any CPU
		{F2A90B3E-1F23-49C6-A86D-F7E222A63AF0}.Release|Any CPU.Build.0 = Release|Any CPU
		{E47F66A8-AB44-4738-90B0-032FF97F3D3B}.Debug|Any CPU.ActiveCfg = Debug|Any CPU
		{E47F66A8-AB44-4738-90B0-032FF97F3D3B}.Debug|Any CPU.Build.0 = Debug|Any CPU
		{E47F66A8-AB44-4738-90B0-032FF97F3D3B}.Release|Any CPU.ActiveCfg = Release|Any CPU
		{E47F66A8-AB44-4738-90B0-032FF97F3D3B}.Release|Any CPU.Build.0 = Release|Any CPU
		{420D4550-FB22-4D0C-ACCE-19787FADFEA5}.Debug|Any CPU.ActiveCfg = Debug|Any CPU
		{420D4550-FB22-4D0C-ACCE-19787FADFEA5}.Debug|Any CPU.Build.0 = Debug|Any CPU
		{420D4550-FB22-4D0C-ACCE-19787FADFEA5}.Release|Any CPU.ActiveCfg = Release|Any CPU
		{420D4550-FB22-4D0C-ACCE-19787FADFEA5}.Release|Any CPU.Build.0 = Release|Any CPU
	EndGlobalSection
	GlobalSection(SolutionProperties) = preSolution
		HideSolutionNode = FALSE
	EndGlobalSection
	GlobalSection(ExtensibilityGlobals) = postSolution
		SolutionGuid = {D305ED2F-EE1E-434B-A986-A2E8D3979156}
	EndGlobalSection
EndGlobal
